
Microsoft Visual Studio Solution File, Format Version 12.00
# Visual Studio Version 17
VisualStudioVersion = 17.11.35222.181
MinimumVisualStudioVersion = 10.0.40219.1
Project("{9A19103F-16F7-4668-BE54-9A1E7A4F7556}") = "SystemOfUpdatingDataOnOptions", "SystemOfUpdatingDataOnOptions\SystemOfUpdatingDataOnOptions.csproj", "{5683E69D-A0BB-4A5E-A849-E9D92BFB934E}"
EndProject
Project("{9A19103F-16F7-4668-BE54-9A1E7A4F7556}") = "Module.Black-Shoals", "Module.Black-Shoals\Module.Black-Shoals\Module.Black-Shoals.csproj", "{787C6FB9-2AC8-4E3D-ABAA-C625AC9A8091}"
EndProject
Project("{FAE04EC0-301F-11D3-BF4B-00C04F79EFBC}") = "TestsSystemOfUpdatingDataOnOptions", "TestsSystemOfUpdatingDataOnOptions\TestsSystemOfUpdatingDataOnOptions.csproj", "{704CD9F5-A226-44C4-8E9E-DC9EEA6B2314}"
EndProject
Global
	GlobalSection(SolutionConfigurationPlatforms) = preSolution
		Debug|Any CPU = Debug|Any CPU
		Release|Any CPU = Release|Any CPU
	EndGlobalSection
	GlobalSection(ProjectConfigurationPlatforms) = postSolution
		{5683E69D-A0BB-4A5E-A849-E9D92BFB934E}.Debug|Any CPU.ActiveCfg = Debug|Any CPU
		{5683E69D-A0BB-4A5E-A849-E9D92BFB934E}.Debug|Any CPU.Build.0 = Debug|Any CPU
		{5683E69D-A0BB-4A5E-A849-E9D92BFB934E}.Release|Any CPU.ActiveCfg = Release|Any CPU
		{5683E69D-A0BB-4A5E-A849-E9D92BFB934E}.Release|Any CPU.Build.0 = Release|Any CPU
		{787C6FB9-2AC8-4E3D-ABAA-C625AC9A8091}.Debug|Any CPU.ActiveCfg = Debug|Any CPU
		{787C6FB9-2AC8-4E3D-ABAA-C625AC9A8091}.Debug|Any CPU.Build.0 = Debug|Any CPU
		{787C6FB9-2AC8-4E3D-ABAA-C625AC9A8091}.Release|Any CPU.ActiveCfg = Release|Any CPU
		{787C6FB9-2AC8-4E3D-ABAA-C625AC9A8091}.Release|Any CPU.Build.0 = Release|Any CPU
		{704CD9F5-A226-44C4-8E9E-DC9EEA6B2314}.Debug|Any CPU.ActiveCfg = Debug|Any CPU
		{704CD9F5-A226-44C4-8E9E-DC9EEA6B2314}.Debug|Any CPU.Build.0 = Debug|Any CPU
		{704CD9F5-A226-44C4-8E9E-DC9EEA6B2314}.Release|Any CPU.ActiveCfg = Release|Any CPU
		{704CD9F5-A226-44C4-8E9E-DC9EEA6B2314}.Release|Any CPU.Build.0 = Release|Any CPU
	EndGlobalSection
	GlobalSection(SolutionProperties) = preSolution
		HideSolutionNode = FALSE
	EndGlobalSection
	GlobalSection(ExtensibilityGlobals) = postSolution
		SolutionGuid = {44CC17EF-227F-4C44-9371-36B347BBFDD0}
	EndGlobalSection
EndGlobal
